// !$*UTF8*$!
{
	archiveVersion = 1;
	classes = {
	};
	objectVersion = 46;
	objects = {

/* Begin PBXBuildFile section */
		7A13A7161A2031DF00B832AF /* AppDelegate.swift in Sources */ = {isa = PBXBuildFile; fileRef = 7A13A7151A2031DF00B832AF /* AppDelegate.swift */; };
		7A13A7181A2031DF00B832AF /* ViewController.swift in Sources */ = {isa = PBXBuildFile; fileRef = 7A13A7171A2031DF00B832AF /* ViewController.swift */; };
		7A13A71B1A2031DF00B832AF /* Main.storyboard in Resources */ = {isa = PBXBuildFile; fileRef = 7A13A7191A2031DF00B832AF /* Main.storyboard */; };
		7A13A71D1A2031DF00B832AF /* Images.xcassets in Resources */ = {isa = PBXBuildFile; fileRef = 7A13A71C1A2031DF00B832AF /* Images.xcassets */; };
		7A13A7201A2031DF00B832AF /* LaunchScreen.xib in Resources */ = {isa = PBXBuildFile; fileRef = 7A13A71E1A2031DF00B832AF /* LaunchScreen.xib */; };
		7A13A72C1A2031E000B832AF /* TikTakerTests.swift in Sources */ = {isa = PBXBuildFile; fileRef = 7A13A72B1A2031E000B832AF /* TikTakerTests.swift */; };
/* End PBXBuildFile section */

/* Begin PBXContainerItemProxy section */
		7A13A7261A2031E000B832AF /* PBXContainerItemProxy */ = {
			isa = PBXContainerItemProxy;
			containerPortal = 7A13A7081A2031DF00B832AF /* Project object */;
			proxyType = 1;
			remoteGlobalIDString = 7A13A70F1A2031DF00B832AF;
			remoteInfo = TikTaker;
		};
/* End PBXContainerItemProxy section */

/* Begin PBXFileReference section */
		7A13A7101A2031DF00B832AF /* TikTaker.app */ = {isa = PBXFileReference; explicitFileType = wrapper.application; includeInIndex = 0; path = TikTaker.app; sourceTree = BUILT_PRODUCTS_DIR; };
		7A13A7141A2031DF00B832AF /* Info.plist */ = {isa = PBXFileReference; lastKnownFileType = text.plist.xml; path = Info.plist; sourceTree = "<group>"; };
		7A13A7151A2031DF00B832AF /* AppDelegate.swift */ = {isa = PBXFileReference; lastKnownFileType = sourcecode.swift; path = AppDelegate.swift; sourceTree = "<group>"; };
		7A13A7171A2031DF00B832AF /* ViewController.swift */ = {isa = PBXFileReference; lastKnownFileType = sourcecode.swift; path = ViewController.swift; sourceTree = "<group>"; };
		7A13A71A1A2031DF00B832AF /* Base */ = {isa = PBXFileReference; lastKnownFileType = file.storyboard; name = Base; path = Base.lproj/Main.storyboard; sourceTree = "<group>"; };
		7A13A71C1A2031DF00B832AF /* Images.xcassets */ = {isa = PBXFileReference; lastKnownFileType = folder.assetcatalog; path = Images.xcassets; sourceTree = "<group>"; };
		7A13A71F1A2031DF00B832AF /* Base */ = {isa = PBXFileReference; lastKnownFileType = file.xib; name = Base; path = Base.lproj/LaunchScreen.xib; sourceTree = "<group>"; };
		7A13A7251A2031E000B832AF /* TikTakerTests.xctest */ = {isa = PBXFileReference; explicitFileType = wrapper.cfbundle; includeInIndex = 0; path = TikTakerTests.xctest; sourceTree = BUILT_PRODUCTS_DIR; };
		7A13A72A1A2031E000B832AF /* Info.plist */ = {isa = PBXFileReference; lastKnownFileType = text.plist.xml; path = Info.plist; sourceTree = "<group>"; };
		7A13A72B1A2031E000B832AF /* TikTakerTests.swift */ = {isa = PBXFileReference; lastKnownFileType = sourcecode.swift; path = TikTakerTests.swift; sourceTree = "<group>"; };
/* End PBXFileReference section */

/* Begin PBXFrameworksBuildPhase section */
		7A13A70D1A2031DF00B832AF /* Frameworks */ = {
			isa = PBXFrameworksBuildPhase;
			buildActionMask = 2147483647;
			files = (
			);
			runOnlyForDeploymentPostprocessing = 0;
		};
		7A13A7221A2031E000B832AF /* Frameworks */ = {
			isa = PBXFrameworksBuildPhase;
			buildActionMask = 2147483647;
			files = (
			);
			runOnlyForDeploymentPostprocessing = 0;
		};
/* End PBXFrameworksBuildPhase section */

/* Begin PBXGroup section */
		7A13A7071A2031DF00B832AF = {
			isa = PBXGroup;
			children = (
				7A13A7121A2031DF00B832AF /* TikTaker */,
				7A13A7281A2031E000B832AF /* TikTakerTests */,
				7A13A7111A2031DF00B832AF /* Products */,
			);
			sourceTree = "<group>";
		};
		7A13A7111A2031DF00B832AF /* Products */ = {
			isa = PBXGroup;
			children = (
				7A13A7101A2031DF00B832AF /* TikTaker.app */,
				7A13A7251A2031E000B832AF /* TikTakerTests.xctest */,
			);
			name = Products;
			sourceTree = "<group>";
		};
		7A13A7121A2031DF00B832AF /* TikTaker */ = {
			isa = PBXGroup;
			children = (
				7A13A7151A2031DF00B832AF /* AppDelegate.swift */,
				7A13A7171A2031DF00B832AF /* ViewController.swift */,
				7A13A7191A2031DF00B832AF /* Main.storyboard */,
				7A13A71C1A2031DF00B832AF /* Images.xcassets */,
				7A13A71E1A2031DF00B832AF /* LaunchScreen.xib */,
				7A13A7131A2031DF00B832AF /* Supporting Files */,
			);
			path = TikTaker;
			sourceTree = "<group>";
		};
		7A13A7131A2031DF00B832AF /* Supporting Files */ = {
			isa = PBXGroup;
			children = (
				7A13A7141A2031DF00B832AF /* Info.plist */,
			);
			name = "Supporting Files";
			sourceTree = "<group>";
		};
		7A13A7281A2031E000B832AF /* TikTakerTests */ = {
			isa = PBXGroup;
			children = (
				7A13A72B1A2031E000B832AF /* TikTakerTests.swift */,
				7A13A7291A2031E000B832AF /* Supporting Files */,
			);
			path = TikTakerTests;
			sourceTree = "<group>";
		};
		7A13A7291A2031E000B832AF /* Supporting Files */ = {
			isa = PBXGroup;
			children = (
				7A13A72A1A2031E000B832AF /* Info.plist */,
			);
			name = "Supporting Files";
			sourceTree = "<group>";
		};
/* End PBXGroup section */

/* Begin PBXNativeTarget section */
		7A13A70F1A2031DF00B832AF /* TikTaker */ = {
			isa = PBXNativeTarget;
			buildConfigurationList = 7A13A72F1A2031E000B832AF /* Build configuration list for PBXNativeTarget "TikTaker" */;
			buildPhases = (
				7A13A70C1A2031DF00B832AF /* Sources */,
				7A13A70D1A2031DF00B832AF /* Frameworks */,
				7A13A70E1A2031DF00B832AF /* Resources */,
			);
			buildRules = (
			);
			dependencies = (
			);
			name = TikTaker;
			productName = TikTaker;
			productReference = 7A13A7101A2031DF00B832AF /* TikTaker.app */;
			productType = "com.apple.product-type.application";
		};
		7A13A7241A2031E000B832AF /* TikTakerTests */ = {
			isa = PBXNativeTarget;
			buildConfigurationList = 7A13A7321A2031E000B832AF /* Build configuration list for PBXNativeTarget "TikTakerTests" */;
			buildPhases = (
				7A13A7211A2031E000B832AF /* Sources */,
				7A13A7221A2031E000B832AF /* Frameworks */,
				7A13A7231A2031E000B832AF /* Resources */,
			);
			buildRules = (
			);
			dependencies = (
				7A13A7271A2031E000B832AF /* PBXTargetDependency */,
			);
			name = TikTakerTests;
			productName = TikTakerTests;
			productReference = 7A13A7251A2031E000B832AF /* TikTakerTests.xctest */;
			productType = "com.apple.product-type.bundle.unit-test";
		};
/* End PBXNativeTarget section */

/* Begin PBXProject section */
		7A13A7081A2031DF00B832AF /* Project object */ = {
			isa = PBXProject;
			attributes = {
				LastUpgradeCheck = 0610;
				ORGANIZATIONNAME = "任琦磊";
				TargetAttributes = {
					7A13A70F1A2031DF00B832AF = {
						CreatedOnToolsVersion = 6.1;
					};
					7A13A7241A2031E000B832AF = {
						CreatedOnToolsVersion = 6.1;
						TestTargetID = 7A13A70F1A2031DF00B832AF;
					};
				};
			};
			buildConfigurationList = 7A13A70B1A2031DF00B832AF /* Build configuration list for PBXProject "TikTaker" */;
			compatibilityVersion = "Xcode 3.2";
			developmentRegion = English;
			hasScannedForEncodings = 0;
			knownRegions = (
				en,
				Base,
			);
			mainGroup = 7A13A7071A2031DF00B832AF;
			productRefGroup = 7A13A7111A2031DF00B832AF /* Products */;
			projectDirPath = "";
			projectRoot = "";
			targets = (
				7A13A70F1A2031DF00B832AF /* TikTaker */,
				7A13A7241A2031E000B832AF /* TikTakerTests */,
			);
		};
/* End PBXProject section */

/* Begin PBXResourcesBuildPhase section */
		7A13A70E1A2031DF00B832AF /* Resources */ = {
			isa = PBXResourcesBuildPhase;
			buildActionMask = 2147483647;
			files = (
				7A13A71B1A2031DF00B832AF /* Main.storyboard in Resources */,
				7A13A7201A2031DF00B832AF /* LaunchScreen.xib in Resources */,
				7A13A71D1A2031DF00B832AF /* Images.xcassets in Resources */,
			);
			runOnlyForDeploymentPostprocessing = 0;
		};
		7A13A7231A2031E000B832AF /* Resources */ = {
			isa = PBXResourcesBuildPhase;
			buildActionMask = 2147483647;
			files = (
			);
			runOnlyForDeploymentPostprocessing = 0;
		};
/* End PBXResourcesBuildPhase section */

/* Begin PBXSourcesBuildPhase section */
		7A13A70C1A2031DF00B832AF /* Sources */ = {
			isa = PBXSourcesBuildPhase;
			buildActionMask = 2147483647;
			files = (
				7A13A7181A2031DF00B832AF /* ViewController.swift in Sources */,
				7A13A7161A2031DF00B832AF /* AppDelegate.swift in Sources */,
			);
			runOnlyForDeploymentPostprocessing = 0;
		};
		7A13A7211A2031E000B832AF /* Sources */ = {
			isa = PBXSourcesBuildPhase;
			buildActionMask = 2147483647;
			files = (
				7A13A72C1A2031E000B832AF /* TikTakerTests.swift in Sources */,
			);
			runOnlyForDeploymentPostprocessing = 0;
		};
/* End PBXSourcesBuildPhase section */

/* Begin PBXTargetDependency section */
		7A13A7271A2031E000B832AF /* PBXTargetDependency */ = {
			isa = PBXTargetDependency;
			target = 7A13A70F1A2031DF00B832AF /* TikTaker */;
			targetProxy = 7A13A7261A2031E000B832AF /* PBXContainerItemProxy */;
		};
/* End PBXTargetDependency section */

/* Begin PBXVariantGroup section */
		7A13A7191A2031DF00B832AF /* Main.storyboard */ = {
			isa = PBXVariantGroup;
			children = (
				7A13A71A1A2031DF00B832AF /* Base */,
			);
			name = Main.storyboard;
			sourceTree = "<group>";
		};
		7A13A71E1A2031DF00B832AF /* LaunchScreen.xib */ = {
			isa = PBXVariantGroup;
			children = (
				7A13A71F1A2031DF00B832AF /* Base */,
			);
			name = LaunchScreen.xib;
			sourceTree = "<group>";
		};
/* End PBXVariantGroup section */

/* Begin XCBuildConfiguration section */
		7A13A72D1A2031E000B832AF /* Debug */ = {
			isa = XCBuildConfiguration;
			buildSettings = {
				ALWAYS_SEARCH_USER_PATHS = NO;
				CLANG_CXX_LANGUAGE_STANDARD = "gnu++0x";
				CLANG_CXX_LIBRARY = "libc++";
				CLANG_ENABLE_MODULES = YES;
				CLANG_ENABLE_OBJC_ARC = YES;
				CLANG_WARN_BOOL_CONVERSION = YES;
				CLANG_WARN_CONSTANT_CONVERSION = YES;
				CLANG_WARN_DIRECT_OBJC_ISA_USAGE = YES_ERROR;
				CLANG_WARN_EMPTY_BODY = YES;
				CLANG_WARN_ENUM_CONVERSION = YES;
				CLANG_WARN_INT_CONVERSION = YES;
				CLANG_WARN_OBJC_ROOT_CLASS = YES_ERROR;
				CLANG_WARN_UNREACHABLE_CODE = YES;
				CLANG_WARN__DUPLICATE_METHOD_MATCH = YES;
				"CODE_SIGN_IDENTITY[sdk=iphoneos*]" = "iPhone Developer";
				COPY_PHASE_STRIP = NO;
				ENABLE_STRICT_OBJC_MSGSEND = YES;
				GCC_C_LANGUAGE_STANDARD = gnu99;
				GCC_DYNAMIC_NO_PIC = NO;
				GCC_OPTIMIZATION_LEVEL = 0;
				GCC_PREPROCESSOR_DEFINITIONS = (
					"DEBUG=1",
					"$(inherited)",
				);
				GCC_SYMBOLS_PRIVATE_EXTERN = NO;
				GCC_WARN_64_TO_32_BIT_CONVERSION = YES;
				GCC_WARN_ABOUT_RETURN_TYPE = YES_ERROR;
				GCC_WARN_UNDECLARED_SELECTOR = YES;
				GCC_WARN_UNINITIALIZED_AUTOS = YES_AGGRESSIVE;
				GCC_WARN_UNUSED_FUNCTION = YES;
				GCC_WARN_UNUSED_VARIABLE = YES;
				IPHONEOS_DEPLOYMENT_TARGET = 8.1;
				MTL_ENABLE_DEBUG_INFO = YES;
				ONLY_ACTIVE_ARCH = YES;
				SDKROOT = iphoneos;
				SWIFT_OPTIMIZATION_LEVEL = "-Onone";
			};
			name = Debug;
		};
		7A13A72E1A2031E000B832AF /* Release */ = {
			isa = XCBuildConfiguration;
			buildSettings = {
				ALWAYS_SEARCH_USER_PATHS = NO;
				CLANG_CXX_LANGUAGE_STANDARD = "gnu++0x";
				CLANG_CXX_LIBRARY = "libc++";
				CLANG_ENABLE_MODULES = YES;
				CLANG_ENABLE_OBJC_ARC = YES;
				CLANG_WARN_BOOL_CONVERSION = YES;
				CLANG_WARN_CONSTANT_CONVERSION = YES;
				CLANG_WARN_DIRECT_OBJC_ISA_USAGE = YES_ERROR;
				CLANG_WARN_EMPTY_BODY = YES;
				CLANG_WARN_ENUM_CONVERSION = YES;
				CLANG_WARN_INT_CONVERSION = YES;
				CLANG_WARN_OBJC_ROOT_CLASS = YES_ERROR;
				CLANG_WARN_UNREACHABLE_CODE = YES;
				CLANG_WARN__DUPLICATE_METHOD_MATCH = YES;
				"CODE_SIGN_IDENTITY[sdk=iphoneos*]" = "iPhone Developer";
				COPY_PHASE_STRIP = YES;
				ENABLE_NS_ASSERTIONS = NO;
				ENABLE_STRICT_OBJC_MSGSEND = YES;
				GCC_C_LANGUAGE_STANDARD = gnu99;
				GCC_WARN_64_TO_32_BIT_CONVERSION = YES;
				GCC_WARN_ABOUT_RETURN_TYPE = YES_ERROR;
				GCC_WARN_UNDECLARED_SELECTOR = YES;
				GCC_WARN_UNINITIALIZED_AUTOS = YES_AGGRESSIVE;
				GCC_WARN_UNUSED_FUNCTION = YES;
				GCC_WARN_UNUSED_VARIABLE = YES;
				IPHONEOS_DEPLOYMENT_TARGET = 8.1;
				MTL_ENABLE_DEBUG_INFO = NO;
				SDKROOT = iphoneos;
				VALIDATE_PRODUCT = YES;
			};
			name = Release;
		};
		7A13A7301A2031E000B832AF /* Debug */ = {
			isa = XCBuildConfiguration;
			buildSettings = {
				ASSETCATALOG_COMPILER_APPICON_NAME = AppIcon;
				INFOPLIST_FILE = TikTaker/Info.plist;
				LD_RUNPATH_SEARCH_PATHS = "$(inherited) @executable_path/Frameworks";
				PRODUCT_NAME = "$(TARGET_NAME)";
			};
			name = Debug;
		};
		7A13A7311A2031E000B832AF /* Release */ = {
			isa = XCBuildConfiguration;
			buildSettings = {
				ASSETCATALOG_COMPILER_APPICON_NAME = AppIcon;
				INFOPLIST_FILE = TikTaker/Info.plist;
				LD_RUNPATH_SEARCH_PATHS = "$(inherited) @executable_path/Frameworks";
				PRODUCT_NAME = "$(TARGET_NAME)";
			};
			name = Release;
		};
		7A13A7331A2031E000B832AF /* Debug */ = {
			isa = XCBuildConfiguration;
			buildSettings = {
				BUNDLE_LOADER = "$(TEST_HOST)";
				FRAMEWORK_SEARCH_PATHS = (
					"$(SDKROOT)/Developer/Library/Frameworks",
					"$(inherited)",
				);
				GCC_PREPROCESSOR_DEFINITIONS = (
					"DEBUG=1",
					"$(inherited)",
				);
				INFOPLIST_FILE = TikTakerTests/Info.plist;
				LD_RUNPATH_SEARCH_PATHS = "$(inherited) @executable_path/Frameworks @loader_path/Frameworks";
				PRODUCT_NAME = "$(TARGET_NAME)";
				TEST_HOST = "$(BUILT_PRODUCTS_DIR)/TikTaker.app/TikTaker";
			};
			name = Debug;
		};
		7A13A7341A2031E000B832AF /* Release */ = {
			isa = XCBuildConfiguration;
			buildSettings = {
				BUNDLE_LOADER = "$(TEST_HOST)";
				FRAMEWORK_SEARCH_PATHS = (
					"$(SDKROOT)/Developer/Library/Frameworks",
					"$(inherited)",
				);
				INFOPLIST_FILE = TikTakerTests/Info.plist;
				LD_RUNPATH_SEARCH_PATHS = "$(inherited) @executable_path/Frameworks @loader_path/Frameworks";
				PRODUCT_NAME = "$(TARGET_NAME)";
				TEST_HOST = "$(BUILT_PRODUCTS_DIR)/TikTaker.app/TikTaker";
			};
			name = Release;
		};
/* End XCBuildConfiguration section */

/* Begin XCConfigurationList section */
		7A13A70B1A2031DF00B832AF /* Build configuration list for PBXProject "TikTaker" */ = {
			isa = XCConfigurationList;
			buildConfigurations = (
				7A13A72D1A2031E000B832AF /* Debug */,
				7A13A72E1A2031E000B832AF /* Release */,
			);
			defaultConfigurationIsVisible = 0;
			defaultConfigurationName = Release;
		};
		7A13A72F1A2031E000B832AF /* Build configuration list for PBXNativeTarget "TikTaker" */ = {
			isa = XCConfigurationList;
			buildConfigurations = (
				7A13A7301A2031E000B832AF /* Debug */,
				7A13A7311A2031E000B832AF /* Release */,
			);
			defaultConfigurationIsVisible = 0;
		};
		7A13A7321A2031E000B832AF /* Build configuration list for PBXNativeTarget "TikTakerTests" */ = {
			isa = XCConfigurationList;
			buildConfigurations = (
				7A13A7331A2031E000B832AF /* Debug */,
				7A13A7341A2031E000B832AF /* Release */,
			);
			defaultConfigurationIsVisible = 0;
		};
/* End XCConfigurationList section */
	};
	rootObject = 7A13A7081A2031DF00B832AF /* Project object */;
}
